{
  "name": "vn",
  "version": "1.0.0",
  "lockfileVersion": 3,
  "requires": true,
  "packages": {
    "": {
      "name": "vn",
      "version": "1.0.0",
      "license": "ISC",
      "dependencies": {
        "hanhchinhvn": "^1.6.0"
      }
    },
    "node_modules/hanhchinhvn": {
      "version": "1.6.0",
      "resolved": "https://registry.npmjs.org/hanhchinhvn/-/hanhchinhvn-1.6.0.tgz",
      "integrity": "sha512-ubHjaHsBHsiV5zY1pa6y9drzAZWS/zkJ7MpggZu3//zfh/LOwCyBqnZu83vlDZeMRIMgR95ScdUB27y90f3XRg=="
    }
  }
}
